
Microsoft Visual Studio Solution File, Format Version 12.00
# Visual Studio Version 16
VisualStudioVersion = 16.0.31205.134
MinimumVisualStudioVersion = 10.0.40219.1
Project("{FAE04EC0-301F-11D3-BF4B-00C04F79EFBC}") = "NodeF.Config.Core", "NodeF.Config.Core\NodeF.Config.Core.csproj", "{7F86A865-F5CE-409F-A100-52973C5AE653}"
EndProject
Global
	GlobalSection(SolutionConfigurationPlatforms) = preSolution
		Debug|Any CPU = Debug|Any CPU
		Release|Any CPU = Release|Any CPU
	EndGlobalSection
	GlobalSection(ProjectConfigurationPlatforms) = postSolution
		{7F86A865-F5CE-409F-A100-52973C5AE653}.Debug|Any CPU.ActiveCfg = Debug|Any CPU
		{7F86A865-F5CE-409F-A100-52973C5AE653}.Debug|Any CPU.Build.0 = Debug|Any CPU
		{7F86A865-F5CE-409F-A100-52973C5AE653}.Release|Any CPU.ActiveCfg = Release|Any CPU
		{7F86A865-F5CE-409F-A100-52973C5AE653}.Release|Any CPU.Build.0 = Release|Any CPU
	EndGlobalSection
	GlobalSection(SolutionProperties) = preSolution
		HideSolutionNode = FALSE
	EndGlobalSection
	GlobalSection(ExtensibilityGlobals) = postSolution
		SolutionGuid = {2B2F67D4-1BF2-4CDD-A048-FBF2AE93A7C1}
	EndGlobalSection
EndGlobal
