
Microsoft Visual Studio Solution File, Format Version 12.00
# Visual Studio Version 17
VisualStudioVersion = 17.3.32819.101
MinimumVisualStudioVersion = 10.0.40219.1
Project("{9A19103F-16F7-4668-BE54-9A1E7A4F7556}") = "ON.Fragment", "..\..\ON.Fragment\ON.Fragment.csproj", "{0F9EAD29-AE85-442D-B8BE-2F6D1799E76D}"
EndProject
Project("{9A19103F-16F7-4668-BE54-9A1E7A4F7556}") = "ON.Authentication.Shared", "..\..\ON.Authentication\Shared\ON.Authentication.Shared.csproj", "{0AF06E7E-1538-4FC3-A0E0-6628EDCCCDF7}"
EndProject
Project("{2150E333-8FDC-42A3-9474-1A3956D46DE8}") = "Solution Items", "Solution Items", "{682436A8-21D0-47A6-9E32-5D4CE7C46781}"
	ProjectSection(SolutionItems) = preProject
		docker-compose-prod.yml = docker-compose-prod.yml
		docker-compose.yml = docker-compose.yml
		tye.yaml = tye.yaml
	EndProjectSection
EndProject
Project("{9A19103F-16F7-4668-BE54-9A1E7A4F7556}") = "ON.SimpleWeb", "SimpleWeb\ON.SimpleWeb.csproj", "{820AA35D-3C44-4CC9-B958-A15D189479A4}"
EndProject
Project("{9A19103F-16F7-4668-BE54-9A1E7A4F7556}") = "ON.Settings.Shared", "..\..\ON.Settings\Shared\ON.Settings.Shared.csproj", "{59D45F11-F4AC-4ADE-B420-6EA1881FF122}"
EndProject
Global
	GlobalSection(SolutionConfigurationPlatforms) = preSolution
		Debug|Any CPU = Debug|Any CPU
		Debug|x64 = Debug|x64
		Debug|x86 = Debug|x86
		Release|Any CPU = Release|Any CPU
		Release|x64 = Release|x64
		Release|x86 = Release|x86
	EndGlobalSection
	GlobalSection(ProjectConfigurationPlatforms) = postSolution
		{0F9EAD29-AE85-442D-B8BE-2F6D1799E76D}.Debug|Any CPU.ActiveCfg = Debug|Any CPU
		{0F9EAD29-AE85-442D-B8BE-2F6D1799E76D}.Debug|Any CPU.Build.0 = Debug|Any CPU
		{0F9EAD29-AE85-442D-B8BE-2F6D1799E76D}.Debug|x64.ActiveCfg = Debug|Any CPU
		{0F9EAD29-AE85-442D-B8BE-2F6D1799E76D}.Debug|x64.Build.0 = Debug|Any CPU
		{0F9EAD29-AE85-442D-B8BE-2F6D1799E76D}.Debug|x86.ActiveCfg = Debug|Any CPU
		{0F9EAD29-AE85-442D-B8BE-2F6D1799E76D}.Debug|x86.Build.0 = Debug|Any CPU
		{0F9EAD29-AE85-442D-B8BE-2F6D1799E76D}.Release|Any CPU.ActiveCfg = Release|Any CPU
		{0F9EAD29-AE85-442D-B8BE-2F6D1799E76D}.Release|Any CPU.Build.0 = Release|Any CPU
		{0F9EAD29-AE85-442D-B8BE-2F6D1799E76D}.Release|x64.ActiveCfg = Release|Any CPU
		{0F9EAD29-AE85-442D-B8BE-2F6D1799E76D}.Release|x64.Build.0 = Release|Any CPU
		{0F9EAD29-AE85-442D-B8BE-2F6D1799E76D}.Release|x86.ActiveCfg = Release|Any CPU
		{0F9EAD29-AE85-442D-B8BE-2F6D1799E76D}.Release|x86.Build.0 = Release|Any CPU
		{0AF06E7E-1538-4FC3-A0E0-6628EDCCCDF7}.Debug|Any CPU.ActiveCfg = Debug|Any CPU
		{0AF06E7E-1538-4FC3-A0E0-6628EDCCCDF7}.Debug|Any CPU.Build.0 = Debug|Any CPU
		{0AF06E7E-1538-4FC3-A0E0-6628EDCCCDF7}.Debug|x64.ActiveCfg = Debug|Any CPU
		{0AF06E7E-1538-4FC3-A0E0-6628EDCCCDF7}.Debug|x64.Build.0 = Debug|Any CPU
		{0AF06E7E-1538-4FC3-A0E0-6628EDCCCDF7}.Debug|x86.ActiveCfg = Debug|Any CPU
		{0AF06E7E-1538-4FC3-A0E0-6628EDCCCDF7}.Debug|x86.Build.0 = Debug|Any CPU
		{0AF06E7E-1538-4FC3-A0E0-6628EDCCCDF7}.Release|Any CPU.ActiveCfg = Release|Any CPU
		{0AF06E7E-1538-4FC3-A0E0-6628EDCCCDF7}.Release|Any CPU.Build.0 = Release|Any CPU
		{0AF06E7E-1538-4FC3-A0E0-6628EDCCCDF7}.Release|x64.ActiveCfg = Release|Any CPU
		{0AF06E7E-1538-4FC3-A0E0-6628EDCCCDF7}.Release|x64.Build.0 = Release|Any CPU
		{0AF06E7E-1538-4FC3-A0E0-6628EDCCCDF7}.Release|x86.ActiveCfg = Release|Any CPU
		{0AF06E7E-1538-4FC3-A0E0-6628EDCCCDF7}.Release|x86.Build.0 = Release|Any CPU
		{820AA35D-3C44-4CC9-B958-A15D189479A4}.Debug|Any CPU.ActiveCfg = Debug|Any CPU
		{820AA35D-3C44-4CC9-B958-A15D189479A4}.Debug|Any CPU.Build.0 = Debug|Any CPU
		{820AA35D-3C44-4CC9-B958-A15D189479A4}.Debug|x64.ActiveCfg = Debug|Any CPU
		{820AA35D-3C44-4CC9-B958-A15D189479A4}.Debug|x64.Build.0 = Debug|Any CPU
		{820AA35D-3C44-4CC9-B958-A15D189479A4}.Debug|x86.ActiveCfg = Debug|Any CPU
		{820AA35D-3C44-4CC9-B958-A15D189479A4}.Debug|x86.Build.0 = Debug|Any CPU
		{820AA35D-3C44-4CC9-B958-A15D189479A4}.Release|Any CPU.ActiveCfg = Release|Any CPU
		{820AA35D-3C44-4CC9-B958-A15D189479A4}.Release|Any CPU.Build.0 = Release|Any CPU
		{820AA35D-3C44-4CC9-B958-A15D189479A4}.Release|x64.ActiveCfg = Release|Any CPU
		{820AA35D-3C44-4CC9-B958-A15D189479A4}.Release|x64.Build.0 = Release|Any CPU
		{820AA35D-3C44-4CC9-B958-A15D189479A4}.Release|x86.ActiveCfg = Release|Any CPU
		{820AA35D-3C44-4CC9-B958-A15D189479A4}.Release|x86.Build.0 = Release|Any CPU
		{59D45F11-F4AC-4ADE-B420-6EA1881FF122}.Debug|Any CPU.ActiveCfg = Debug|Any CPU
		{59D45F11-F4AC-4ADE-B420-6EA1881FF122}.Debug|Any CPU.Build.0 = Debug|Any CPU
		{59D45F11-F4AC-4ADE-B420-6EA1881FF122}.Debug|x64.ActiveCfg = Debug|Any CPU
		{59D45F11-F4AC-4ADE-B420-6EA1881FF122}.Debug|x64.Build.0 = Debug|Any CPU
		{59D45F11-F4AC-4ADE-B420-6EA1881FF122}.Debug|x86.ActiveCfg = Debug|Any CPU
		{59D45F11-F4AC-4ADE-B420-6EA1881FF122}.Debug|x86.Build.0 = Debug|Any CPU
		{59D45F11-F4AC-4ADE-B420-6EA1881FF122}.Release|Any CPU.ActiveCfg = Release|Any CPU
		{59D45F11-F4AC-4ADE-B420-6EA1881FF122}.Release|Any CPU.Build.0 = Release|Any CPU
		{59D45F11-F4AC-4ADE-B420-6EA1881FF122}.Release|x64.ActiveCfg = Release|Any CPU
		{59D45F11-F4AC-4ADE-B420-6EA1881FF122}.Release|x64.Build.0 = Release|Any CPU
		{59D45F11-F4AC-4ADE-B420-6EA1881FF122}.Release|x86.ActiveCfg = Release|Any CPU
		{59D45F11-F4AC-4ADE-B420-6EA1881FF122}.Release|x86.Build.0 = Release|Any CPU
	EndGlobalSection
	GlobalSection(SolutionProperties) = preSolution
		HideSolutionNode = FALSE
	EndGlobalSection
	GlobalSection(ExtensibilityGlobals) = postSolution
		SolutionGuid = {5AF8811A-2996-482A-AFE6-9DC718F01215}
	EndGlobalSection
EndGlobal
