
Microsoft Visual Studio Solution File, Format Version 12.00
# Visual Studio Version 17
VisualStudioVersion = 17.1.32328.378
MinimumVisualStudioVersion = 10.0.40219.1
Project("{2150E333-8FDC-42A3-9474-1A3956D46DE8}") = "Solution Items", "Solution Items", "{419DBEA9-D837-4EF1-89BE-601C7F107828}"
EndProject
Project("{9A19103F-16F7-4668-BE54-9A1E7A4F7556}") = "ON.Content.Video.Rumble.Service", "Rumble\Service\ON.Content.Video.Rumble.Service.csproj", "{0786F994-6F5C-45F5-B93B-420FE7F298CB}"
EndProject
Project("{9A19103F-16F7-4668-BE54-9A1E7A4F7556}") = "ON.Authentication.Shared", "..\..\ON.Authentication\Shared\ON.Authentication.Shared.csproj", "{F1438A66-F54C-448B-BB1D-8EF4C877929D}"
EndProject
Project("{9A19103F-16F7-4668-BE54-9A1E7A4F7556}") = "ON.Fragment", "..\..\ON.Fragment\ON.Fragment.csproj", "{1D6CC805-D292-4284-A839-385B6F141992}"
EndProject
Global
	GlobalSection(SolutionConfigurationPlatforms) = preSolution
		Debug|Any CPU = Debug|Any CPU
		Release|Any CPU = Release|Any CPU
	EndGlobalSection
	GlobalSection(ProjectConfigurationPlatforms) = postSolution
		{0786F994-6F5C-45F5-B93B-420FE7F298CB}.Debug|Any CPU.ActiveCfg = Debug|Any CPU
		{0786F994-6F5C-45F5-B93B-420FE7F298CB}.Debug|Any CPU.Build.0 = Debug|Any CPU
		{0786F994-6F5C-45F5-B93B-420FE7F298CB}.Release|Any CPU.ActiveCfg = Release|Any CPU
		{0786F994-6F5C-45F5-B93B-420FE7F298CB}.Release|Any CPU.Build.0 = Release|Any CPU
		{F1438A66-F54C-448B-BB1D-8EF4C877929D}.Debug|Any CPU.ActiveCfg = Debug|Any CPU
		{F1438A66-F54C-448B-BB1D-8EF4C877929D}.Debug|Any CPU.Build.0 = Debug|Any CPU
		{F1438A66-F54C-448B-BB1D-8EF4C877929D}.Release|Any CPU.ActiveCfg = Release|Any CPU
		{F1438A66-F54C-448B-BB1D-8EF4C877929D}.Release|Any CPU.Build.0 = Release|Any CPU
		{1D6CC805-D292-4284-A839-385B6F141992}.Debug|Any CPU.ActiveCfg = Debug|Any CPU
		{1D6CC805-D292-4284-A839-385B6F141992}.Debug|Any CPU.Build.0 = Debug|Any CPU
		{1D6CC805-D292-4284-A839-385B6F141992}.Release|Any CPU.ActiveCfg = Release|Any CPU
		{1D6CC805-D292-4284-A839-385B6F141992}.Release|Any CPU.Build.0 = Release|Any CPU
	EndGlobalSection
	GlobalSection(SolutionProperties) = preSolution
		HideSolutionNode = FALSE
	EndGlobalSection
	GlobalSection(ExtensibilityGlobals) = postSolution
		SolutionGuid = {B2575204-2FC6-4E4B-A3E6-8D0FE2081C68}
	EndGlobalSection
EndGlobal
