
Microsoft Visual Studio Solution File, Format Version 12.00
# Visual Studio Version 16
VisualStudioVersion = 16.0.31911.196
MinimumVisualStudioVersion = 10.0.40219.1
Project("{9A19103F-16F7-4668-BE54-9A1E7A4F7556}") = "ON.Crypto", "ON.Crypto\ON.Crypto.csproj", "{6DFEF31B-5FDB-4108-BBEC-E847C7009DF7}"
EndProject
Project("{FAE04EC0-301F-11D3-BF4B-00C04F79EFBC}") = "ON.Crypto.Extra", "ON.Crypto.Extra\ON.Crypto.Extra.csproj", "{9CD08AB7-7280-477F-BE3E-1D8A8F88EE8C}"
EndProject
Project("{FAE04EC0-301F-11D3-BF4B-00C04F79EFBC}") = "TestHarness", "TestHarness\TestHarness.csproj", "{4AD4E2B3-DC0F-482E-AA16-833D4E317014}"
EndProject
Global
	GlobalSection(SolutionConfigurationPlatforms) = preSolution
		Debug|Any CPU = Debug|Any CPU
		Release|Any CPU = Release|Any CPU
	EndGlobalSection
	GlobalSection(ProjectConfigurationPlatforms) = postSolution
		{6DFEF31B-5FDB-4108-BBEC-E847C7009DF7}.Debug|Any CPU.ActiveCfg = Debug|Any CPU
		{6DFEF31B-5FDB-4108-BBEC-E847C7009DF7}.Debug|Any CPU.Build.0 = Debug|Any CPU
		{6DFEF31B-5FDB-4108-BBEC-E847C7009DF7}.Release|Any CPU.ActiveCfg = Release|Any CPU
		{6DFEF31B-5FDB-4108-BBEC-E847C7009DF7}.Release|Any CPU.Build.0 = Release|Any CPU
		{9CD08AB7-7280-477F-BE3E-1D8A8F88EE8C}.Debug|Any CPU.ActiveCfg = Debug|Any CPU
		{9CD08AB7-7280-477F-BE3E-1D8A8F88EE8C}.Debug|Any CPU.Build.0 = Debug|Any CPU
		{9CD08AB7-7280-477F-BE3E-1D8A8F88EE8C}.Release|Any CPU.ActiveCfg = Release|Any CPU
		{9CD08AB7-7280-477F-BE3E-1D8A8F88EE8C}.Release|Any CPU.Build.0 = Release|Any CPU
		{4AD4E2B3-DC0F-482E-AA16-833D4E317014}.Debug|Any CPU.ActiveCfg = Debug|Any CPU
		{4AD4E2B3-DC0F-482E-AA16-833D4E317014}.Debug|Any CPU.Build.0 = Debug|Any CPU
		{4AD4E2B3-DC0F-482E-AA16-833D4E317014}.Release|Any CPU.ActiveCfg = Release|Any CPU
		{4AD4E2B3-DC0F-482E-AA16-833D4E317014}.Release|Any CPU.Build.0 = Release|Any CPU
	EndGlobalSection
	GlobalSection(SolutionProperties) = preSolution
		HideSolutionNode = FALSE
	EndGlobalSection
	GlobalSection(ExtensibilityGlobals) = postSolution
		SolutionGuid = {BEC0820A-0DD2-44CA-BCE8-29EE92810C36}
	EndGlobalSection
EndGlobal
