
Microsoft Visual Studio Solution File, Format Version 12.00
# Visual Studio Version 17
VisualStudioVersion = 17.2.32630.192
MinimumVisualStudioVersion = 10.0.40219.1
Project("{FAE04EC0-301F-11D3-BF4B-00C04F79EFBC}") = "Service", "Service\Service.csproj", "{14D3C352-3EC8-4561-BF3E-19760B6DD2DD}"
EndProject
Global
	GlobalSection(SolutionConfigurationPlatforms) = preSolution
		Debug|Any CPU = Debug|Any CPU
		Release|Any CPU = Release|Any CPU
	EndGlobalSection
	GlobalSection(ProjectConfigurationPlatforms) = postSolution
		{14D3C352-3EC8-4561-BF3E-19760B6DD2DD}.Debug|Any CPU.ActiveCfg = Debug|Any CPU
		{14D3C352-3EC8-4561-BF3E-19760B6DD2DD}.Debug|Any CPU.Build.0 = Debug|Any CPU
		{14D3C352-3EC8-4561-BF3E-19760B6DD2DD}.Release|Any CPU.ActiveCfg = Release|Any CPU
		{14D3C352-3EC8-4561-BF3E-19760B6DD2DD}.Release|Any CPU.Build.0 = Release|Any CPU
	EndGlobalSection
	GlobalSection(SolutionProperties) = preSolution
		HideSolutionNode = FALSE
	EndGlobalSection
	GlobalSection(ExtensibilityGlobals) = postSolution
		SolutionGuid = {59DA6085-9597-40C7-A4F4-4B4DD70535AB}
	EndGlobalSection
EndGlobal
