
Microsoft Visual Studio Solution File, Format Version 12.00
# Visual Studio Version 16
VisualStudioVersion = 16.0.31321.278
MinimumVisualStudioVersion = 10.0.40219.1
Project("{9A19103F-16F7-4668-BE54-9A1E7A4F7556}") = "NodeF.Authentication.Shared", "Shared\NodeF.Authentication.Shared.csproj", "{E0FAAC02-28AA-4B0A-ABEA-6C52586C4001}"
EndProject
Global
	GlobalSection(SolutionConfigurationPlatforms) = preSolution
		Debug|Any CPU = Debug|Any CPU
		Release|Any CPU = Release|Any CPU
	EndGlobalSection
	GlobalSection(ProjectConfigurationPlatforms) = postSolution
		{E0FAAC02-28AA-4B0A-ABEA-6C52586C4001}.Debug|Any CPU.ActiveCfg = Debug|Any CPU
		{E0FAAC02-28AA-4B0A-ABEA-6C52586C4001}.Debug|Any CPU.Build.0 = Debug|Any CPU
		{E0FAAC02-28AA-4B0A-ABEA-6C52586C4001}.Release|Any CPU.ActiveCfg = Release|Any CPU
		{E0FAAC02-28AA-4B0A-ABEA-6C52586C4001}.Release|Any CPU.Build.0 = Release|Any CPU
	EndGlobalSection
	GlobalSection(SolutionProperties) = preSolution
		HideSolutionNode = FALSE
	EndGlobalSection
	GlobalSection(ExtensibilityGlobals) = postSolution
		SolutionGuid = {3A936069-E5F1-465B-A26A-6653F0464FA6}
	EndGlobalSection
EndGlobal
