
Microsoft Visual Studio Solution File, Format Version 12.00
# Visual Studio Version 16
VisualStudioVersion = 16.0.31321.278
MinimumVisualStudioVersion = 10.0.40219.1
Project("{FAE04EC0-301F-11D3-BF4B-00C04F79EFBC}") = "NodeF.SimpleAuth", "NodeF.SimpleAuth\NodeF.SimpleAuth.csproj", "{1189AE71-B883-40B9-A26E-922819373022}"
EndProject
Project("{9A19103F-16F7-4668-BE54-9A1E7A4F7556}") = "NodeF.Fragment", "NodeF.Fragment\NodeF.Fragment.csproj", "{7631D242-042D-457F-B74B-E3936E93C0A7}"
EndProject
Project("{FAE04EC0-301F-11D3-BF4B-00C04F79EFBC}") = "ConsoleApp1", "ConsoleApp1\ConsoleApp1.csproj", "{829C0EC9-19C7-4583-B974-606E48C15841}"
EndProject
Global
	GlobalSection(SolutionConfigurationPlatforms) = preSolution
		Debug|Any CPU = Debug|Any CPU
		Release|Any CPU = Release|Any CPU
	EndGlobalSection
	GlobalSection(ProjectConfigurationPlatforms) = postSolution
		{1189AE71-B883-40B9-A26E-922819373022}.Debug|Any CPU.ActiveCfg = Debug|Any CPU
		{1189AE71-B883-40B9-A26E-922819373022}.Debug|Any CPU.Build.0 = Debug|Any CPU
		{1189AE71-B883-40B9-A26E-922819373022}.Release|Any CPU.ActiveCfg = Release|Any CPU
		{1189AE71-B883-40B9-A26E-922819373022}.Release|Any CPU.Build.0 = Release|Any CPU
		{7631D242-042D-457F-B74B-E3936E93C0A7}.Debug|Any CPU.ActiveCfg = Debug|Any CPU
		{7631D242-042D-457F-B74B-E3936E93C0A7}.Debug|Any CPU.Build.0 = Debug|Any CPU
		{7631D242-042D-457F-B74B-E3936E93C0A7}.Release|Any CPU.ActiveCfg = Release|Any CPU
		{7631D242-042D-457F-B74B-E3936E93C0A7}.Release|Any CPU.Build.0 = Release|Any CPU
		{829C0EC9-19C7-4583-B974-606E48C15841}.Debug|Any CPU.ActiveCfg = Debug|Any CPU
		{829C0EC9-19C7-4583-B974-606E48C15841}.Debug|Any CPU.Build.0 = Debug|Any CPU
		{829C0EC9-19C7-4583-B974-606E48C15841}.Release|Any CPU.ActiveCfg = Release|Any CPU
		{829C0EC9-19C7-4583-B974-606E48C15841}.Release|Any CPU.Build.0 = Release|Any CPU
	EndGlobalSection
	GlobalSection(SolutionProperties) = preSolution
		HideSolutionNode = FALSE
	EndGlobalSection
	GlobalSection(ExtensibilityGlobals) = postSolution
		SolutionGuid = {C79AA2E0-433D-4986-974E-17B0FD71DA50}
	EndGlobalSection
EndGlobal
